// !$*UTF8*$!
{
	archiveVersion = 1;
	classes = {
	};
	objectVersion = 55;
	objects = {

/* Begin PBXBuildFile section */
		E7625BC7276B5DBA00511E4B /* HoneymoonApp.swift in Sources */ = {isa = PBXBuildFile; fileRef = E7625BC6276B5DBA00511E4B /* HoneymoonApp.swift */; };
		E7625BCB276B5DBC00511E4B /* Assets.xcassets in Resources */ = {isa = PBXBuildFile; fileRef = E7625BCA276B5DBC00511E4B /* Assets.xcassets */; };
		E7625BCE276B5DBC00511E4B /* Preview Assets.xcassets in Resources */ = {isa = PBXBuildFile; fileRef = E7625BCD276B5DBC00511E4B /* Preview Assets.xcassets */; };
		E7625BD5276B5F3C00511E4B /* Sounds in Resources */ = {isa = PBXBuildFile; fileRef = E7625BD4276B5F3C00511E4B /* Sounds */; };
		E7625BD8276B631500511E4B /* DestinationModel.swift in Sources */ = {isa = PBXBuildFile; fileRef = E7625BD7276B631500511E4B /* DestinationModel.swift */; };
		E7625BDB276B635500511E4B /* DestinationData.swift in Sources */ = {isa = PBXBuildFile; fileRef = E7625BDA276B635500511E4B /* DestinationData.swift */; };
		E7625BE1276B643B00511E4B /* CardView.swift in Sources */ = {isa = PBXBuildFile; fileRef = E7625BE0276B643B00511E4B /* CardView.swift */; };
		E7625BE2276B657100511E4B /* ContentView.swift in Sources */ = {isa = PBXBuildFile; fileRef = E7625BDF276B641D00511E4B /* ContentView.swift */; };
		E7625BE4276B7CFB00511E4B /* HeaderView.swift in Sources */ = {isa = PBXBuildFile; fileRef = E7625BE3276B7CFB00511E4B /* HeaderView.swift */; };
		E7CF8D5F276BC189001A39F8 /* FooterView.swift in Sources */ = {isa = PBXBuildFile; fileRef = E7CF8D5E276BC189001A39F8 /* FooterView.swift */; };
		E7CF8D62276BCAF2001A39F8 /* HeaderComponent.swift in Sources */ = {isa = PBXBuildFile; fileRef = E7CF8D61276BCAF2001A39F8 /* HeaderComponent.swift */; };
		E7CF8D64276BCBA7001A39F8 /* GuideComponent.swift in Sources */ = {isa = PBXBuildFile; fileRef = E7CF8D63276BCBA7001A39F8 /* GuideComponent.swift */; };
		E7CF8D66276BCDC7001A39F8 /* GuideView.swift in Sources */ = {isa = PBXBuildFile; fileRef = E7CF8D65276BCDC7001A39F8 /* GuideView.swift */; };
		E7CF8D68276BE9CE001A39F8 /* InfoView.swift in Sources */ = {isa = PBXBuildFile; fileRef = E7CF8D67276BE9CE001A39F8 /* InfoView.swift */; };
		E7CF8D6A276BEAC7001A39F8 /* TitleModifier.swift in Sources */ = {isa = PBXBuildFile; fileRef = E7CF8D69276BEAC7001A39F8 /* TitleModifier.swift */; };
		E7CF8D6C276BEC81001A39F8 /* ButtonModifier.swift in Sources */ = {isa = PBXBuildFile; fileRef = E7CF8D6B276BEC81001A39F8 /* ButtonModifier.swift */; };
/* End PBXBuildFile section */

/* Begin PBXFileReference section */
		E7625BC3276B5DBA00511E4B /* Honeymoon.app */ = {isa = PBXFileReference; explicitFileType = wrapper.application; includeInIndex = 0; path = Honeymoon.app; sourceTree = BUILT_PRODUCTS_DIR; };
		E7625BC6276B5DBA00511E4B /* HoneymoonApp.swift */ = {isa = PBXFileReference; lastKnownFileType = sourcecode.swift; path = HoneymoonApp.swift; sourceTree = "<group>"; };
		E7625BCA276B5DBC00511E4B /* Assets.xcassets */ = {isa = PBXFileReference; lastKnownFileType = folder.assetcatalog; path = Assets.xcassets; sourceTree = "<group>"; };
		E7625BCD276B5DBC00511E4B /* Preview Assets.xcassets */ = {isa = PBXFileReference; lastKnownFileType = folder.assetcatalog; path = "Preview Assets.xcassets"; sourceTree = "<group>"; };
		E7625BD4276B5F3C00511E4B /* Sounds */ = {isa = PBXFileReference; lastKnownFileType = folder; path = Sounds; sourceTree = "<group>"; };
		E7625BD6276B614800511E4B /* Info.plist */ = {isa = PBXFileReference; lastKnownFileType = text.plist; path = Info.plist; sourceTree = "<group>"; };
		E7625BD7276B631500511E4B /* DestinationModel.swift */ = {isa = PBXFileReference; lastKnownFileType = sourcecode.swift; path = DestinationModel.swift; sourceTree = "<group>"; };
		E7625BDA276B635500511E4B /* DestinationData.swift */ = {isa = PBXFileReference; lastKnownFileType = sourcecode.swift; path = DestinationData.swift; sourceTree = "<group>"; };
		E7625BDF276B641D00511E4B /* ContentView.swift */ = {isa = PBXFileReference; lastKnownFileType = sourcecode.swift; path = ContentView.swift; sourceTree = "<group>"; };
		E7625BE0276B643B00511E4B /* CardView.swift */ = {isa = PBXFileReference; lastKnownFileType = sourcecode.swift; path = CardView.swift; sourceTree = "<group>"; };
		E7625BE3276B7CFB00511E4B /* HeaderView.swift */ = {isa = PBXFileReference; lastKnownFileType = sourcecode.swift; path = HeaderView.swift; sourceTree = "<group>"; };
		E7CF8D5E276BC189001A39F8 /* FooterView.swift */ = {isa = PBXFileReference; lastKnownFileType = sourcecode.swift; path = FooterView.swift; sourceTree = "<group>"; };
		E7CF8D61276BCAF2001A39F8 /* HeaderComponent.swift */ = {isa = PBXFileReference; lastKnownFileType = sourcecode.swift; path = HeaderComponent.swift; sourceTree = "<group>"; };
		E7CF8D63276BCBA7001A39F8 /* GuideComponent.swift */ = {isa = PBXFileReference; lastKnownFileType = sourcecode.swift; path = GuideComponent.swift; sourceTree = "<group>"; };
		E7CF8D65276BCDC7001A39F8 /* GuideView.swift */ = {isa = PBXFileReference; lastKnownFileType = sourcecode.swift; path = GuideView.swift; sourceTree = "<group>"; };
		E7CF8D67276BE9CE001A39F8 /* InfoView.swift */ = {isa = PBXFileReference; lastKnownFileType = sourcecode.swift; path = InfoView.swift; sourceTree = "<group>"; };
		E7CF8D69276BEAC7001A39F8 /* TitleModifier.swift */ = {isa = PBXFileReference; lastKnownFileType = sourcecode.swift; path = TitleModifier.swift; sourceTree = "<group>"; };
		E7CF8D6B276BEC81001A39F8 /* ButtonModifier.swift */ = {isa = PBXFileReference; lastKnownFileType = sourcecode.swift; path = ButtonModifier.swift; sourceTree = "<group>"; };
/* End PBXFileReference section */

/* Begin PBXFrameworksBuildPhase section */
		E7625BC0276B5DBA00511E4B /* Frameworks */ = {
			isa = PBXFrameworksBuildPhase;
			buildActionMask = 2147483647;
			files = (
			);
			runOnlyForDeploymentPostprocessing = 0;
		};
/* End PBXFrameworksBuildPhase section */

/* Begin PBXGroup section */
		E7625BBA276B5DBA00511E4B = {
			isa = PBXGroup;
			children = (
				E7625BC5276B5DBA00511E4B /* Honeymoon */,
				E7625BC4276B5DBA00511E4B /* Products */,
			);
			sourceTree = "<group>";
		};
		E7625BC4276B5DBA00511E4B /* Products */ = {
			isa = PBXGroup;
			children = (
				E7625BC3276B5DBA00511E4B /* Honeymoon.app */,
			);
			name = Products;
			sourceTree = "<group>";
		};
		E7625BC5276B5DBA00511E4B /* Honeymoon */ = {
			isa = PBXGroup;
			children = (
				E7625BC6276B5DBA00511E4B /* HoneymoonApp.swift */,
				E7CF8D60276BCAE2001A39F8 /* Component */,
				E7625BDE276B641D00511E4B /* View */,
				E7625BDC276B635900511E4B /* Data */,
				E7625BD9276B631900511E4B /* Model */,
				E7625BD6276B614800511E4B /* Info.plist */,
				E7625BCA276B5DBC00511E4B /* Assets.xcassets */,
				E7625BD4276B5F3C00511E4B /* Sounds */,
				E7625BCC276B5DBC00511E4B /* Preview Content */,
				E7CF8D69276BEAC7001A39F8 /* TitleModifier.swift */,
				E7CF8D6B276BEC81001A39F8 /* ButtonModifier.swift */,
			);
			path = Honeymoon;
			sourceTree = "<group>";
		};
		E7625BCC276B5DBC00511E4B /* Preview Content */ = {
			isa = PBXGroup;
			children = (
				E7625BCD276B5DBC00511E4B /* Preview Assets.xcassets */,
			);
			path = "Preview Content";
			sourceTree = "<group>";
		};
		E7625BD9276B631900511E4B /* Model */ = {
			isa = PBXGroup;
			children = (
				E7625BD7276B631500511E4B /* DestinationModel.swift */,
			);
			path = Model;
			sourceTree = "<group>";
		};
		E7625BDC276B635900511E4B /* Data */ = {
			isa = PBXGroup;
			children = (
				E7625BDA276B635500511E4B /* DestinationData.swift */,
			);
			path = Data;
			sourceTree = "<group>";
		};
		E7625BDE276B641D00511E4B /* View */ = {
			isa = PBXGroup;
			children = (
				E7625BDF276B641D00511E4B /* ContentView.swift */,
				E7625BE0276B643B00511E4B /* CardView.swift */,
				E7625BE3276B7CFB00511E4B /* HeaderView.swift */,
				E7CF8D5E276BC189001A39F8 /* FooterView.swift */,
				E7CF8D65276BCDC7001A39F8 /* GuideView.swift */,
				E7CF8D67276BE9CE001A39F8 /* InfoView.swift */,
			);
			path = View;
			sourceTree = "<group>";
		};
		E7CF8D60276BCAE2001A39F8 /* Component */ = {
			isa = PBXGroup;
			children = (
				E7CF8D61276BCAF2001A39F8 /* HeaderComponent.swift */,
				E7CF8D63276BCBA7001A39F8 /* GuideComponent.swift */,
			);
			path = Component;
			sourceTree = "<group>";
		};
/* End PBXGroup section */

/* Begin PBXNativeTarget section */
		E7625BC2276B5DBA00511E4B /* Honeymoon */ = {
			isa = PBXNativeTarget;
			buildConfigurationList = E7625BD1276B5DBC00511E4B /* Build configuration list for PBXNativeTarget "Honeymoon" */;
			buildPhases = (
				E7625BBF276B5DBA00511E4B /* Sources */,
				E7625BC0276B5DBA00511E4B /* Frameworks */,
				E7625BC1276B5DBA00511E4B /* Resources */,
			);
			buildRules = (
			);
			dependencies = (
			);
			name = Honeymoon;
			productName = Honeymoon;
			productReference = E7625BC3276B5DBA00511E4B /* Honeymoon.app */;
			productType = "com.apple.product-type.application";
		};
/* End PBXNativeTarget section */

/* Begin PBXProject section */
		E7625BBB276B5DBA00511E4B /* Project object */ = {
			isa = PBXProject;
			attributes = {
				BuildIndependentTargetsInParallel = 1;
				LastSwiftUpdateCheck = 1310;
				LastUpgradeCheck = 1310;
				TargetAttributes = {
					E7625BC2276B5DBA00511E4B = {
						CreatedOnToolsVersion = 13.1;
					};
				};
			};
			buildConfigurationList = E7625BBE276B5DBA00511E4B /* Build configuration list for PBXProject "Honeymoon" */;
			compatibilityVersion = "Xcode 13.0";
			developmentRegion = en;
			hasScannedForEncodings = 0;
			knownRegions = (
				en,
				Base,
			);
			mainGroup = E7625BBA276B5DBA00511E4B;
			productRefGroup = E7625BC4276B5DBA00511E4B /* Products */;
			projectDirPath = "";
			projectRoot = "";
			targets = (
				E7625BC2276B5DBA00511E4B /* Honeymoon */,
			);
		};
/* End PBXProject section */

/* Begin PBXResourcesBuildPhase section */
		E7625BC1276B5DBA00511E4B /* Resources */ = {
			isa = PBXResourcesBuildPhase;
			buildActionMask = 2147483647;
			files = (
				E7625BD5276B5F3C00511E4B /* Sounds in Resources */,
				E7625BCE276B5DBC00511E4B /* Preview Assets.xcassets in Resources */,
				E7625BCB276B5DBC00511E4B /* Assets.xcassets in Resources */,
			);
			runOnlyForDeploymentPostprocessing = 0;
		};
/* End PBXResourcesBuildPhase section */

/* Begin PBXSourcesBuildPhase section */
		E7625BBF276B5DBA00511E4B /* Sources */ = {
			isa = PBXSourcesBuildPhase;
			buildActionMask = 2147483647;
			files = (
				E7625BDB276B635500511E4B /* DestinationData.swift in Sources */,
				E7CF8D68276BE9CE001A39F8 /* InfoView.swift in Sources */,
				E7CF8D5F276BC189001A39F8 /* FooterView.swift in Sources */,
				E7CF8D6A276BEAC7001A39F8 /* TitleModifier.swift in Sources */,
				E7625BE4276B7CFB00511E4B /* HeaderView.swift in Sources */,
				E7625BE2276B657100511E4B /* ContentView.swift in Sources */,
				E7CF8D6C276BEC81001A39F8 /* ButtonModifier.swift in Sources */,
				E7CF8D62276BCAF2001A39F8 /* HeaderComponent.swift in Sources */,
				E7625BD8276B631500511E4B /* DestinationModel.swift in Sources */,
				E7625BE1276B643B00511E4B /* CardView.swift in Sources */,
				E7625BC7276B5DBA00511E4B /* HoneymoonApp.swift in Sources */,
				E7CF8D64276BCBA7001A39F8 /* GuideComponent.swift in Sources */,
				E7CF8D66276BCDC7001A39F8 /* GuideView.swift in Sources */,
			);
			runOnlyForDeploymentPostprocessing = 0;
		};
/* End PBXSourcesBuildPhase section */

/* Begin XCBuildConfiguration section */
		E7625BCF276B5DBC00511E4B /* Debug */ = {
			isa = XCBuildConfiguration;
			buildSettings = {
				ALWAYS_SEARCH_USER_PATHS = NO;
				CLANG_ANALYZER_NONNULL = YES;
				CLANG_ANALYZER_NUMBER_OBJECT_CONVERSION = YES_AGGRESSIVE;
				CLANG_CXX_LANGUAGE_STANDARD = "gnu++17";
				CLANG_CXX_LIBRARY = "libc++";
				CLANG_ENABLE_MODULES = YES;
				CLANG_ENABLE_OBJC_ARC = YES;
				CLANG_ENABLE_OBJC_WEAK = YES;
				CLANG_WARN_BLOCK_CAPTURE_AUTORELEASING = YES;
				CLANG_WARN_BOOL_CONVERSION = YES;
				CLANG_WARN_COMMA = YES;
				CLANG_WARN_CONSTANT_CONVERSION = YES;
				CLANG_WARN_DEPRECATED_OBJC_IMPLEMENTATIONS = YES;
				CLANG_WARN_DIRECT_OBJC_ISA_USAGE = YES_ERROR;
				CLANG_WARN_DOCUMENTATION_COMMENTS = YES;
				CLANG_WARN_EMPTY_BODY = YES;
				CLANG_WARN_ENUM_CONVERSION = YES;
				CLANG_WARN_INFINITE_RECURSION = YES;
				CLANG_WARN_INT_CONVERSION = YES;
				CLANG_WARN_NON_LITERAL_NULL_CONVERSION = YES;
				CLANG_WARN_OBJC_IMPLICIT_RETAIN_SELF = YES;
				CLANG_WARN_OBJC_LITERAL_CONVERSION = YES;
				CLANG_WARN_OBJC_ROOT_CLASS = YES_ERROR;
				CLANG_WARN_QUOTED_INCLUDE_IN_FRAMEWORK_HEADER = YES;
				CLANG_WARN_RANGE_LOOP_ANALYSIS = YES;
				CLANG_WARN_STRICT_PROTOTYPES = YES;
				CLANG_WARN_SUSPICIOUS_MOVE = YES;
				CLANG_WARN_UNGUARDED_AVAILABILITY = YES_AGGRESSIVE;
				CLANG_WARN_UNREACHABLE_CODE = YES;
				CLANG_WARN__DUPLICATE_METHOD_MATCH = YES;
				COPY_PHASE_STRIP = NO;
				DEBUG_INFORMATION_FORMAT = dwarf;
				ENABLE_STRICT_OBJC_MSGSEND = YES;
				ENABLE_TESTABILITY = YES;
				GCC_C_LANGUAGE_STANDARD = gnu11;
				GCC_DYNAMIC_NO_PIC = NO;
				GCC_NO_COMMON_BLOCKS = YES;
				GCC_OPTIMIZATION_LEVEL = 0;
				GCC_PREPROCESSOR_DEFINITIONS = (
					"DEBUG=1",
					"$(inherited)",
				);
				GCC_WARN_64_TO_32_BIT_CONVERSION = YES;
				GCC_WARN_ABOUT_RETURN_TYPE = YES_ERROR;
				GCC_WARN_UNDECLARED_SELECTOR = YES;
				GCC_WARN_UNINITIALIZED_AUTOS = YES_AGGRESSIVE;
				GCC_WARN_UNUSED_FUNCTION = YES;
				GCC_WARN_UNUSED_VARIABLE = YES;
				IPHONEOS_DEPLOYMENT_TARGET = 15.0;
				MTL_ENABLE_DEBUG_INFO = INCLUDE_SOURCE;
				MTL_FAST_MATH = YES;
				ONLY_ACTIVE_ARCH = YES;
				SDKROOT = iphoneos;
				SWIFT_ACTIVE_COMPILATION_CONDITIONS = DEBUG;
				SWIFT_OPTIMIZATION_LEVEL = "-Onone";
			};
			name = Debug;
		};
		E7625BD0276B5DBC00511E4B /* Release */ = {
			isa = XCBuildConfiguration;
			buildSettings = {
				ALWAYS_SEARCH_USER_PATHS = NO;
				CLANG_ANALYZER_NONNULL = YES;
				CLANG_ANALYZER_NUMBER_OBJECT_CONVERSION = YES_AGGRESSIVE;
				CLANG_CXX_LANGUAGE_STANDARD = "gnu++17";
				CLANG_CXX_LIBRARY = "libc++";
				CLANG_ENABLE_MODULES = YES;
				CLANG_ENABLE_OBJC_ARC = YES;
				CLANG_ENABLE_OBJC_WEAK = YES;
				CLANG_WARN_BLOCK_CAPTURE_AUTORELEASING = YES;
				CLANG_WARN_BOOL_CONVERSION = YES;
				CLANG_WARN_COMMA = YES;
				CLANG_WARN_CONSTANT_CONVERSION = YES;
				CLANG_WARN_DEPRECATED_OBJC_IMPLEMENTATIONS = YES;
				CLANG_WARN_DIRECT_OBJC_ISA_USAGE = YES_ERROR;
				CLANG_WARN_DOCUMENTATION_COMMENTS = YES;
				CLANG_WARN_EMPTY_BODY = YES;
				CLANG_WARN_ENUM_CONVERSION = YES;
				CLANG_WARN_INFINITE_RECURSION = YES;
				CLANG_WARN_INT_CONVERSION = YES;
				CLANG_WARN_NON_LITERAL_NULL_CONVERSION = YES;
				CLANG_WARN_OBJC_IMPLICIT_RETAIN_SELF = YES;
				CLANG_WARN_OBJC_LITERAL_CONVERSION = YES;
				CLANG_WARN_OBJC_ROOT_CLASS = YES_ERROR;
				CLANG_WARN_QUOTED_INCLUDE_IN_FRAMEWORK_HEADER = YES;
				CLANG_WARN_RANGE_LOOP_ANALYSIS = YES;
				CLANG_WARN_STRICT_PROTOTYPES = YES;
				CLANG_WARN_SUSPICIOUS_MOVE = YES;
				CLANG_WARN_UNGUARDED_AVAILABILITY = YES_AGGRESSIVE;
				CLANG_WARN_UNREACHABLE_CODE = YES;
				CLANG_WARN__DUPLICATE_METHOD_MATCH = YES;
				COPY_PHASE_STRIP = NO;
				DEBUG_INFORMATION_FORMAT = "dwarf-with-dsym";
				ENABLE_NS_ASSERTIONS = NO;
				ENABLE_STRICT_OBJC_MSGSEND = YES;
				GCC_C_LANGUAGE_STANDARD = gnu11;
				GCC_NO_COMMON_BLOCKS = YES;
				GCC_WARN_64_TO_32_BIT_CONVERSION = YES;
				GCC_WARN_ABOUT_RETURN_TYPE = YES_ERROR;
				GCC_WARN_UNDECLARED_SELECTOR = YES;
				GCC_WARN_UNINITIALIZED_AUTOS = YES_AGGRESSIVE;
				GCC_WARN_UNUSED_FUNCTION = YES;
				GCC_WARN_UNUSED_VARIABLE = YES;
				IPHONEOS_DEPLOYMENT_TARGET = 15.0;
				MTL_ENABLE_DEBUG_INFO = NO;
				MTL_FAST_MATH = YES;
				SDKROOT = iphoneos;
				SWIFT_COMPILATION_MODE = wholemodule;
				SWIFT_OPTIMIZATION_LEVEL = "-O";
				VALIDATE_PRODUCT = YES;
			};
			name = Release;
		};
		E7625BD2276B5DBC00511E4B /* Debug */ = {
			isa = XCBuildConfiguration;
			buildSettings = {
				ASSETCATALOG_COMPILER_APPICON_NAME = AppIcon;
				ASSETCATALOG_COMPILER_GLOBAL_ACCENT_COLOR_NAME = AccentColor;
				CODE_SIGN_STYLE = Automatic;
				CURRENT_PROJECT_VERSION = 1;
				DEVELOPMENT_ASSET_PATHS = "\"Honeymoon/Preview Content\"";
				DEVELOPMENT_TEAM = NVL8V53A55;
				ENABLE_PREVIEWS = YES;
				GENERATE_INFOPLIST_FILE = YES;
				INFOPLIST_FILE = Honeymoon/Info.plist;
				INFOPLIST_KEY_UIApplicationSceneManifest_Generation = YES;
				INFOPLIST_KEY_UIApplicationSupportsIndirectInputEvents = YES;
				INFOPLIST_KEY_UISupportedInterfaceOrientations = UIInterfaceOrientationPortrait;
				INFOPLIST_KEY_UISupportedInterfaceOrientations_iPad = "UIInterfaceOrientationPortrait UIInterfaceOrientationPortraitUpsideDown UIInterfaceOrientationLandscapeLeft UIInterfaceOrientationLandscapeRight";
				INFOPLIST_KEY_UISupportedInterfaceOrientations_iPhone = "UIInterfaceOrientationPortrait UIInterfaceOrientationLandscapeLeft UIInterfaceOrientationLandscapeRight";
				LD_RUNPATH_SEARCH_PATHS = (
					"$(inherited)",
					"@executable_path/Frameworks",
				);
				MARKETING_VERSION = 1.0;
				PRODUCT_BUNDLE_IDENTIFIER = nvs.arthur.Honeymoon;
				PRODUCT_NAME = "$(TARGET_NAME)";
				SWIFT_EMIT_LOC_STRINGS = YES;
				SWIFT_VERSION = 5.0;
				TARGETED_DEVICE_FAMILY = "1,2";
			};
			name = Debug;
		};
		E7625BD3276B5DBC00511E4B /* Release */ = {
			isa = XCBuildConfiguration;
			buildSettings = {
				ASSETCATALOG_COMPILER_APPICON_NAME = AppIcon;
				ASSETCATALOG_COMPILER_GLOBAL_ACCENT_COLOR_NAME = AccentColor;
				CODE_SIGN_STYLE = Automatic;
				CURRENT_PROJECT_VERSION = 1;
				DEVELOPMENT_ASSET_PATHS = "\"Honeymoon/Preview Content\"";
				DEVELOPMENT_TEAM = NVL8V53A55;
				ENABLE_PREVIEWS = YES;
				GENERATE_INFOPLIST_FILE = YES;
				INFOPLIST_FILE = Honeymoon/Info.plist;
				INFOPLIST_KEY_UIApplicationSceneManifest_Generation = YES;
				INFOPLIST_KEY_UIApplicationSupportsIndirectInputEvents = YES;
				INFOPLIST_KEY_UISupportedInterfaceOrientations = UIInterfaceOrientationPortrait;
				INFOPLIST_KEY_UISupportedInterfaceOrientations_iPad = "UIInterfaceOrientationPortrait UIInterfaceOrientationPortraitUpsideDown UIInterfaceOrientationLandscapeLeft UIInterfaceOrientationLandscapeRight";
				INFOPLIST_KEY_UISupportedInterfaceOrientations_iPhone = "UIInterfaceOrientationPortrait UIInterfaceOrientationLandscapeLeft UIInterfaceOrientationLandscapeRight";
				LD_RUNPATH_SEARCH_PATHS = (
					"$(inherited)",
					"@executable_path/Frameworks",
				);
				MARKETING_VERSION = 1.0;
				PRODUCT_BUNDLE_IDENTIFIER = nvs.arthur.Honeymoon;
				PRODUCT_NAME = "$(TARGET_NAME)";
				SWIFT_EMIT_LOC_STRINGS = YES;
				SWIFT_VERSION = 5.0;
				TARGETED_DEVICE_FAMILY = "1,2";
			};
			name = Release;
		};
/* End XCBuildConfiguration section */

/* Begin XCConfigurationList section */
		E7625BBE276B5DBA00511E4B /* Build configuration list for PBXProject "Honeymoon" */ = {
			isa = XCConfigurationList;
			buildConfigurations = (
				E7625BCF276B5DBC00511E4B /* Debug */,
				E7625BD0276B5DBC00511E4B /* Release */,
			);
			defaultConfigurationIsVisible = 0;
			defaultConfigurationName = Release;
		};
		E7625BD1276B5DBC00511E4B /* Build configuration list for PBXNativeTarget "Honeymoon" */ = {
			isa = XCConfigurationList;
			buildConfigurations = (
				E7625BD2276B5DBC00511E4B /* Debug */,
				E7625BD3276B5DBC00511E4B /* Release */,
			);
			defaultConfigurationIsVisible = 0;
			defaultConfigurationName = Release;
		};
/* End XCConfigurationList section */
	};
	rootObject = E7625BBB276B5DBA00511E4B /* Project object */;
}
